<Solution>
  <Folder Name="/src/">
    <Project Path="src/GenerateService.Api/GenerateService.Api.csproj" />
    <Project Path="src/GenerateService.Application/GenerateService.Application.csproj" />
    <Project Path="src/GenerateService.Domain/GenerateService.Domain.csproj" />
  </Folder>
</Solution>
